
Microsoft Visual Studio Solution File, Format Version 12.00
# Visual Studio Version 16
VisualStudioVersion = 16.0.34729.46
MinimumVisualStudioVersion = 10.0.40219.1
Project("{9A19103F-16F7-4668-BE54-9A1E7A4F7556}") = "OnlineStore", "OnlineStore.csproj", "{C35DC301-275F-4E76-B539-8CF5EF3BA76C}"
EndProject
Global
	GlobalSection(SolutionConfigurationPlatforms) = preSolution
		Debug|Any CPU = Debug|Any CPU
		Release|Any CPU = Release|Any CPU
	EndGlobalSection
	GlobalSection(ProjectConfigurationPlatforms) = postSolution
		{C35DC301-275F-4E76-B539-8CF5EF3BA76C}.Debug|Any CPU.ActiveCfg = Debug|Any CPU
		{C35DC301-275F-4E76-B539-8CF5EF3BA76C}.Debug|Any CPU.Build.0 = Debug|Any CPU
		{C35DC301-275F-4E76-B539-8CF5EF3BA76C}.Release|Any CPU.ActiveCfg = Release|Any CPU
		{C35DC301-275F-4E76-B539-8CF5EF3BA76C}.Release|Any CPU.Build.0 = Release|Any CPU
	EndGlobalSection
	GlobalSection(SolutionProperties) = preSolution
		HideSolutionNode = FALSE
	EndGlobalSection
	GlobalSection(ExtensibilityGlobals) = postSolution
		SolutionGuid = {53323395-A9A1-4A93-B53E-2318C03DA029}
	EndGlobalSection
EndGlobal
